
Microsoft Visual Studio Solution File, Format Version 12.00
# Visual Studio Version 17
VisualStudioVersion = 17.5.33530.505
MinimumVisualStudioVersion = 10.0.40219.1
Project("{FAE04EC0-301F-11D3-BF4B-00C04F79EFBC}") = "UpisniPrag", "UpisniPrag\UpisniPrag.csproj", "{B1AA2ABE-0AA5-4E97-AD5D-E7CB25F6EB90}"
EndProject
Project("{FAE04EC0-301F-11D3-BF4B-00C04F79EFBC}") = "Interval", "Interval\Interval.csproj", "{AE7206D7-AB59-453D-87B6-25BC965F5F7B}"
EndProject
Project("{FAE04EC0-301F-11D3-BF4B-00C04F79EFBC}") = "Ostatak3i5", "Ostatak3i5\Ostatak3i5.csproj", "{7B0C448C-D18D-49C0-B6AD-4B70D0EC5BE8}"
EndProject
Project("{FAE04EC0-301F-11D3-BF4B-00C04F79EFBC}") = "Brzina", "Brzina\Brzina.csproj", "{8429557F-933D-4435-B361-6E0B51E76F41}"
EndProject
Project("{FAE04EC0-301F-11D3-BF4B-00C04F79EFBC}") = "Kvadratna", "Kvadratna\Kvadratna.csproj", "{D8B258E6-1E39-465A-A41D-20413F034999}"
EndProject
Project("{FAE04EC0-301F-11D3-BF4B-00C04F79EFBC}") = "KvocijentIProductDecimalnihBrojeva", "KvocijentIProductDecimalnihBrojeva\KvocijentIProductDecimalnihBrojeva.csproj", "{FAC6748A-BBD8-4A05-9AA3-15138F4C92AE}"
EndProject
Project("{FAE04EC0-301F-11D3-BF4B-00C04F79EFBC}") = "Switch1", "TempRadni\Switch1.csproj", "{0DD6673F-BEA3-4F44-9CC5-5E2A60DCDE5E}"
EndProject
Project("{FAE04EC0-301F-11D3-BF4B-00C04F79EFBC}") = "Switch2_Samoglasnici", "Switch2_Samoglasnici\Switch2_Samoglasnici.csproj", "{870593EC-AD28-42A8-97D4-F0D37C3D57D4}"
EndProject
Project("{FAE04EC0-301F-11D3-BF4B-00C04F79EFBC}") = "RecenicaStringVjezba", "RecenicaStringVjezba\RecenicaStringVjezba.csproj", "{985FA72B-8726-43B8-A38D-833839435851}"
EndProject
Project("{FAE04EC0-301F-11D3-BF4B-00C04F79EFBC}") = "Nizovi", "Nizovi\Nizovi.csproj", "{2B1468CA-956C-4303-8E05-C0F4FEBC82AA}"
EndProject
Project("{FAE04EC0-301F-11D3-BF4B-00C04F79EFBC}") = "PiramidaFor", "PiramidaFor\PiramidaFor.csproj", "{6DD24272-5835-48FC-A60E-2445AFDD1B26}"
EndProject
Project("{FAE04EC0-301F-11D3-BF4B-00C04F79EFBC}") = "100PrirodnihFor", "100PrirodnihFor\100PrirodnihFor.csproj", "{41F5EE08-FC5E-4CA7-813C-59C55603B87B}"
EndProject
Project("{FAE04EC0-301F-11D3-BF4B-00C04F79EFBC}") = "IzracunBrojevaKrozMetodeIPetlje", "IzracunBrojevaKrozMetodeIPetlje\IzracunBrojevaKrozMetodeIPetlje.csproj", "{CEE83A86-7EBF-4E6A-8999-B1F08AFF458B}"
EndProject
Project("{FAE04EC0-301F-11D3-BF4B-00C04F79EFBC}") = "IspisNeparnihBrojeva", "IspisNeparnihBrojeva\IspisNeparnihBrojeva.csproj", "{87F83B8D-A8E5-43CC-8D37-99CFABA1DFEA}"
EndProject
Project("{FAE04EC0-301F-11D3-BF4B-00C04F79EFBC}") = "Enkapsulacija", "Enkapsulacija\Enkapsulacija.csproj", "{A6EE858A-DE75-4CD9-9334-7B21FE5B302C}"
EndProject
Global
	GlobalSection(SolutionConfigurationPlatforms) = preSolution
		Debug|Any CPU = Debug|Any CPU
		Release|Any CPU = Release|Any CPU
	EndGlobalSection
	GlobalSection(ProjectConfigurationPlatforms) = postSolution
		{B1AA2ABE-0AA5-4E97-AD5D-E7CB25F6EB90}.Debug|Any CPU.ActiveCfg = Debug|Any CPU
		{B1AA2ABE-0AA5-4E97-AD5D-E7CB25F6EB90}.Debug|Any CPU.Build.0 = Debug|Any CPU
		{B1AA2ABE-0AA5-4E97-AD5D-E7CB25F6EB90}.Release|Any CPU.ActiveCfg = Release|Any CPU
		{B1AA2ABE-0AA5-4E97-AD5D-E7CB25F6EB90}.Release|Any CPU.Build.0 = Release|Any CPU
		{AE7206D7-AB59-453D-87B6-25BC965F5F7B}.Debug|Any CPU.ActiveCfg = Debug|Any CPU
		{AE7206D7-AB59-453D-87B6-25BC965F5F7B}.Debug|Any CPU.Build.0 = Debug|Any CPU
		{AE7206D7-AB59-453D-87B6-25BC965F5F7B}.Release|Any CPU.ActiveCfg = Release|Any CPU
		{AE7206D7-AB59-453D-87B6-25BC965F5F7B}.Release|Any CPU.Build.0 = Release|Any CPU
		{7B0C448C-D18D-49C0-B6AD-4B70D0EC5BE8}.Debug|Any CPU.ActiveCfg = Debug|Any CPU
		{7B0C448C-D18D-49C0-B6AD-4B70D0EC5BE8}.Debug|Any CPU.Build.0 = Debug|Any CPU
		{7B0C448C-D18D-49C0-B6AD-4B70D0EC5BE8}.Release|Any CPU.ActiveCfg = Release|Any CPU
		{7B0C448C-D18D-49C0-B6AD-4B70D0EC5BE8}.Release|Any CPU.Build.0 = Release|Any CPU
		{8429557F-933D-4435-B361-6E0B51E76F41}.Debug|Any CPU.ActiveCfg = Debug|Any CPU
		{8429557F-933D-4435-B361-6E0B51E76F41}.Debug|Any CPU.Build.0 = Debug|Any CPU
		{8429557F-933D-4435-B361-6E0B51E76F41}.Release|Any CPU.ActiveCfg = Release|Any CPU
		{8429557F-933D-4435-B361-6E0B51E76F41}.Release|Any CPU.Build.0 = Release|Any CPU
		{D8B258E6-1E39-465A-A41D-20413F034999}.Debug|Any CPU.ActiveCfg = Debug|Any CPU
		{D8B258E6-1E39-465A-A41D-20413F034999}.Debug|Any CPU.Build.0 = Debug|Any CPU
		{D8B258E6-1E39-465A-A41D-20413F034999}.Release|Any CPU.ActiveCfg = Release|Any CPU
		{D8B258E6-1E39-465A-A41D-20413F034999}.Release|Any CPU.Build.0 = Release|Any CPU
		{FAC6748A-BBD8-4A05-9AA3-15138F4C92AE}.Debug|Any CPU.ActiveCfg = Debug|Any CPU
		{FAC6748A-BBD8-4A05-9AA3-15138F4C92AE}.Debug|Any CPU.Build.0 = Debug|Any CPU
		{FAC6748A-BBD8-4A05-9AA3-15138F4C92AE}.Release|Any CPU.ActiveCfg = Release|Any CPU
		{FAC6748A-BBD8-4A05-9AA3-15138F4C92AE}.Release|Any CPU.Build.0 = Release|Any CPU
		{0DD6673F-BEA3-4F44-9CC5-5E2A60DCDE5E}.Debug|Any CPU.ActiveCfg = Debug|Any CPU
		{0DD6673F-BEA3-4F44-9CC5-5E2A60DCDE5E}.Debug|Any CPU.Build.0 = Debug|Any CPU
		{0DD6673F-BEA3-4F44-9CC5-5E2A60DCDE5E}.Release|Any CPU.ActiveCfg = Release|Any CPU
		{0DD6673F-BEA3-4F44-9CC5-5E2A60DCDE5E}.Release|Any CPU.Build.0 = Release|Any CPU
		{870593EC-AD28-42A8-97D4-F0D37C3D57D4}.Debug|Any CPU.ActiveCfg = Debug|Any CPU
		{870593EC-AD28-42A8-97D4-F0D37C3D57D4}.Debug|Any CPU.Build.0 = Debug|Any CPU
		{870593EC-AD28-42A8-97D4-F0D37C3D57D4}.Release|Any CPU.ActiveCfg = Release|Any CPU
		{870593EC-AD28-42A8-97D4-F0D37C3D57D4}.Release|Any CPU.Build.0 = Release|Any CPU
		{985FA72B-8726-43B8-A38D-833839435851}.Debug|Any CPU.ActiveCfg = Debug|Any CPU
		{985FA72B-8726-43B8-A38D-833839435851}.Debug|Any CPU.Build.0 = Debug|Any CPU
		{985FA72B-8726-43B8-A38D-833839435851}.Release|Any CPU.ActiveCfg = Release|Any CPU
		{985FA72B-8726-43B8-A38D-833839435851}.Release|Any CPU.Build.0 = Release|Any CPU
		{2B1468CA-956C-4303-8E05-C0F4FEBC82AA}.Debug|Any CPU.ActiveCfg = Debug|Any CPU
		{2B1468CA-956C-4303-8E05-C0F4FEBC82AA}.Debug|Any CPU.Build.0 = Debug|Any CPU
		{2B1468CA-956C-4303-8E05-C0F4FEBC82AA}.Release|Any CPU.ActiveCfg = Release|Any CPU
		{2B1468CA-956C-4303-8E05-C0F4FEBC82AA}.Release|Any CPU.Build.0 = Release|Any CPU
		{6DD24272-5835-48FC-A60E-2445AFDD1B26}.Debug|Any CPU.ActiveCfg = Debug|Any CPU
		{6DD24272-5835-48FC-A60E-2445AFDD1B26}.Debug|Any CPU.Build.0 = Debug|Any CPU
		{6DD24272-5835-48FC-A60E-2445AFDD1B26}.Release|Any CPU.ActiveCfg = Release|Any CPU
		{6DD24272-5835-48FC-A60E-2445AFDD1B26}.Release|Any CPU.Build.0 = Release|Any CPU
		{41F5EE08-FC5E-4CA7-813C-59C55603B87B}.Debug|Any CPU.ActiveCfg = Debug|Any CPU
		{41F5EE08-FC5E-4CA7-813C-59C55603B87B}.Debug|Any CPU.Build.0 = Debug|Any CPU
		{41F5EE08-FC5E-4CA7-813C-59C55603B87B}.Release|Any CPU.ActiveCfg = Release|Any CPU
		{41F5EE08-FC5E-4CA7-813C-59C55603B87B}.Release|Any CPU.Build.0 = Release|Any CPU
		{CEE83A86-7EBF-4E6A-8999-B1F08AFF458B}.Debug|Any CPU.ActiveCfg = Debug|Any CPU
		{CEE83A86-7EBF-4E6A-8999-B1F08AFF458B}.Debug|Any CPU.Build.0 = Debug|Any CPU
		{CEE83A86-7EBF-4E6A-8999-B1F08AFF458B}.Release|Any CPU.ActiveCfg = Release|Any CPU
		{CEE83A86-7EBF-4E6A-8999-B1F08AFF458B}.Release|Any CPU.Build.0 = Release|Any CPU
		{87F83B8D-A8E5-43CC-8D37-99CFABA1DFEA}.Debug|Any CPU.ActiveCfg = Debug|Any CPU
		{87F83B8D-A8E5-43CC-8D37-99CFABA1DFEA}.Debug|Any CPU.Build.0 = Debug|Any CPU
		{87F83B8D-A8E5-43CC-8D37-99CFABA1DFEA}.Release|Any CPU.ActiveCfg = Release|Any CPU
		{87F83B8D-A8E5-43CC-8D37-99CFABA1DFEA}.Release|Any CPU.Build.0 = Release|Any CPU
		{A6EE858A-DE75-4CD9-9334-7B21FE5B302C}.Debug|Any CPU.ActiveCfg = Debug|Any CPU
		{A6EE858A-DE75-4CD9-9334-7B21FE5B302C}.Debug|Any CPU.Build.0 = Debug|Any CPU
		{A6EE858A-DE75-4CD9-9334-7B21FE5B302C}.Release|Any CPU.ActiveCfg = Release|Any CPU
		{A6EE858A-DE75-4CD9-9334-7B21FE5B302C}.Release|Any CPU.Build.0 = Release|Any CPU
	EndGlobalSection
	GlobalSection(SolutionProperties) = preSolution
		HideSolutionNode = FALSE
	EndGlobalSection
	GlobalSection(ExtensibilityGlobals) = postSolution
		SolutionGuid = {1C0A63D4-BB08-4703-8A23-7EDEB45D9208}
	EndGlobalSection
EndGlobal
